
Microsoft Visual Studio Solution File, Format Version 12.00
Project("{FAE04EC0-301F-11D3-BF4B-00C04F79EFBC}") = "polyclinic-service", "polyclinic-service\polyclinic-service.csproj", "{D06EC2C3-27CD-4F8D-9D3D-CCB51F1AD45F}"
EndProject
Global
	GlobalSection(SolutionConfigurationPlatforms) = preSolution
		Debug|Any CPU = Debug|Any CPU
		Release|Any CPU = Release|Any CPU
	EndGlobalSection
	GlobalSection(ProjectConfigurationPlatforms) = postSolution
		{D06EC2C3-27CD-4F8D-9D3D-CCB51F1AD45F}.Debug|Any CPU.ActiveCfg = Debug|Any CPU
		{D06EC2C3-27CD-4F8D-9D3D-CCB51F1AD45F}.Debug|Any CPU.Build.0 = Debug|Any CPU
		{D06EC2C3-27CD-4F8D-9D3D-CCB51F1AD45F}.Release|Any CPU.ActiveCfg = Release|Any CPU
		{D06EC2C3-27CD-4F8D-9D3D-CCB51F1AD45F}.Release|Any CPU.Build.0 = Release|Any CPU
	EndGlobalSection
EndGlobal
